// !$*UTF8*$!
{
	archiveVersion = 1;
	classes = {
	};
	objectVersion = 70;
	objects = {

/* Begin PBXBuildFile section */
		4A0579332C9EE3F300CB9C2E /* ContentView.swift in Sources */ = {isa = PBXBuildFile; fileRef = 4A0579322C9EE3F300CB9C2E /* ContentView.swift */; };
		4A0579352C9EE3F600CB9C2E /* Assets.xcassets in Resources */ = {isa = PBXBuildFile; fileRef = 4A0579342C9EE3F600CB9C2E /* Assets.xcassets */; };
		4A0579382C9EE3F600CB9C2E /* Preview Assets.xcassets in Resources */ = {isa = PBXBuildFile; fileRef = 4A0579372C9EE3F600CB9C2E /* Preview Assets.xcassets */; };
		4A1D53BD2CA833F50091CACE /* HomeView.swift in Sources */ = {isa = PBXBuildFile; fileRef = 4A1D53BC2CA833EF0091CACE /* HomeView.swift */; };
		4A1D53BF2CA8350D0091CACE /* CatView.swift in Sources */ = {isa = PBXBuildFile; fileRef = 4A1D53BE2CA835090091CACE /* CatView.swift */; };
		4A62DEFB2CBE9F030097F28A /* ChatController.swift in Sources */ = {isa = PBXBuildFile; fileRef = 4A62DEFA2CBE9EF60097F28A /* ChatController.swift */; };
		4A62DEFE2CBFF0290097F28A /* OpenAI in Frameworks */ = {isa = PBXBuildFile; productRef = 4A62DEFD2CBFF0290097F28A /* OpenAI */; };
		4A62DF002CBFF1430097F28A /* env.swift in Sources */ = {isa = PBXBuildFile; fileRef = 4A62DEFF2CBFF13B0097F28A /* env.swift */; };
		4A62DF022CC00AD70097F28A /* ChatView.swift in Sources */ = {isa = PBXBuildFile; fileRef = 4A62DF012CC00AD20097F28A /* ChatView.swift */; };
		4A62DF042CC00B350097F28A /* MessageView.swift in Sources */ = {isa = PBXBuildFile; fileRef = 4A62DF032CC00B310097F28A /* MessageView.swift */; };
		4A62DF2C2CC194C80097F28A /* WidgetKit.framework in Frameworks */ = {isa = PBXBuildFile; fileRef = 4A62DF2B2CC194C80097F28A /* WidgetKit.framework */; };
		4A62DF2E2CC194C80097F28A /* SwiftUI.framework in Frameworks */ = {isa = PBXBuildFile; fileRef = 4A62DF2D2CC194C80097F28A /* SwiftUI.framework */; };
		4A62DF392CC194C90097F28A /* KletsKatWidgetExtension.appex in Embed Foundation Extensions */ = {isa = PBXBuildFile; fileRef = 4A62DF292CC194C80097F28A /* KletsKatWidgetExtension.appex */; settings = {ATTRIBUTES = (RemoveHeadersOnCopy, ); }; };
		4A76E87E2CA1770800132615 /* UserController.swift in Sources */ = {isa = PBXBuildFile; fileRef = 4A76E87D2CA176F400132615 /* UserController.swift */; };
		4A78560C2CA6AD4D004AA26D /* TokenManager.swift in Sources */ = {isa = PBXBuildFile; fileRef = 4A78560B2CA6AD44004AA26D /* TokenManager.swift */; };
		4A7862482CCC0506006EA9EE /* BondStatusBarView.swift in Sources */ = {isa = PBXBuildFile; fileRef = 4A7862472CCC04F9006EA9EE /* BondStatusBarView.swift */; };
		4ABE55352CA084FC00458F2F /* LoginSignupView.swift in Sources */ = {isa = PBXBuildFile; fileRef = 4ABE55342CA084FC00458F2F /* LoginSignupView.swift */; };
		4ABE55372CA086CE00458F2F /* KletsKatAppApp.swift in Sources */ = {isa = PBXBuildFile; fileRef = 4ABE55362CA086CE00458F2F /* KletsKatAppApp.swift */; };
		4ABE553A2CA08F2100458F2F /* RobotoSlab-VariableFont_wght.ttf in Resources */ = {isa = PBXBuildFile; fileRef = 4ABE55392CA08F2100458F2F /* RobotoSlab-VariableFont_wght.ttf */; };
		4AF4C6FB2CAD67B000A265C6 /* CatController.swift in Sources */ = {isa = PBXBuildFile; fileRef = 4AF4C6FA2CAD67AB00A265C6 /* CatController.swift */; };
		4AF4C6FD2CAD68B100A265C6 /* CatModel.swift in Sources */ = {isa = PBXBuildFile; fileRef = 4AF4C6FC2CAD68AD00A265C6 /* CatModel.swift */; };
		4AF4C6FF2CAD707700A265C6 /* Personality.swift in Sources */ = {isa = PBXBuildFile; fileRef = 4AF4C6FE2CAD706D00A265C6 /* Personality.swift */; };
		4AF4C7012CAD73EC00A265C6 /* CatStruct.swift in Sources */ = {isa = PBXBuildFile; fileRef = 4AF4C7002CAD73E800A265C6 /* CatStruct.swift */; };
		4AF4C7032CAEDDBD00A265C6 /* CustomizeCatView.swift in Sources */ = {isa = PBXBuildFile; fileRef = 4AF4C7022CAEDDAC00A265C6 /* CustomizeCatView.swift */; };
		4AFDFFD12CCFDDD2004CA966 /* TodoController.swift in Sources */ = {isa = PBXBuildFile; fileRef = 4AFDFFD02CCFDDC8004CA966 /* TodoController.swift */; };
		4AFDFFD32CCFDDE9004CA966 /* TodoItem.swift in Sources */ = {isa = PBXBuildFile; fileRef = 4AFDFFD22CCFDDE5004CA966 /* TodoItem.swift */; };
		4AFDFFD52CCFE1F0004CA966 /* TodoItemListView.swift in Sources */ = {isa = PBXBuildFile; fileRef = 4AFDFFD42CCFE1E9004CA966 /* TodoItemListView.swift */; };
		4AFDFFD82CCFEC56004CA966 /* TodoItemView.swift in Sources */ = {isa = PBXBuildFile; fileRef = 4AFDFFD72CCFEC49004CA966 /* TodoItemView.swift */; };
/* End PBXBuildFile section */

/* Begin PBXContainerItemProxy section */
		4A62DF372CC194C90097F28A /* PBXContainerItemProxy */ = {
			isa = PBXContainerItemProxy;
			containerPortal = 4A0579252C9EE3F300CB9C2E /* Project object */;
			proxyType = 1;
			remoteGlobalIDString = 4A62DF282CC194C80097F28A;
			remoteInfo = KletsKatWidgetExtension;
		};
/* End PBXContainerItemProxy section */

/* Begin PBXCopyFilesBuildPhase section */
		4A62DF3A2CC194C90097F28A /* Embed Foundation Extensions */ = {
			isa = PBXCopyFilesBuildPhase;
			buildActionMask = 2147483647;
			dstPath = "";
			dstSubfolderSpec = 13;
			files = (
				4A62DF392CC194C90097F28A /* KletsKatWidgetExtension.appex in Embed Foundation Extensions */,
			);
			name = "Embed Foundation Extensions";
			runOnlyForDeploymentPostprocessing = 0;
		};
/* End PBXCopyFilesBuildPhase section */

/* Begin PBXFileReference section */
		4A05792D2C9EE3F300CB9C2E /* KletsKatApp.app */ = {isa = PBXFileReference; explicitFileType = wrapper.application; includeInIndex = 0; path = KletsKatApp.app; sourceTree = BUILT_PRODUCTS_DIR; };
		4A0579322C9EE3F300CB9C2E /* ContentView.swift */ = {isa = PBXFileReference; lastKnownFileType = sourcecode.swift; path = ContentView.swift; sourceTree = "<group>"; };
		4A0579342C9EE3F600CB9C2E /* Assets.xcassets */ = {isa = PBXFileReference; lastKnownFileType = folder.assetcatalog; path = Assets.xcassets; sourceTree = "<group>"; };
		4A0579372C9EE3F600CB9C2E /* Preview Assets.xcassets */ = {isa = PBXFileReference; lastKnownFileType = folder.assetcatalog; path = "Preview Assets.xcassets"; sourceTree = "<group>"; };
		4A1D53BC2CA833EF0091CACE /* HomeView.swift */ = {isa = PBXFileReference; lastKnownFileType = sourcecode.swift; path = HomeView.swift; sourceTree = "<group>"; };
		4A1D53BE2CA835090091CACE /* CatView.swift */ = {isa = PBXFileReference; lastKnownFileType = sourcecode.swift; path = CatView.swift; sourceTree = "<group>"; };
		4A62DEFA2CBE9EF60097F28A /* ChatController.swift */ = {isa = PBXFileReference; lastKnownFileType = sourcecode.swift; path = ChatController.swift; sourceTree = "<group>"; };
		4A62DEFF2CBFF13B0097F28A /* env.swift */ = {isa = PBXFileReference; lastKnownFileType = sourcecode.swift; path = env.swift; sourceTree = "<group>"; };
		4A62DF012CC00AD20097F28A /* ChatView.swift */ = {isa = PBXFileReference; lastKnownFileType = sourcecode.swift; path = ChatView.swift; sourceTree = "<group>"; };
		4A62DF032CC00B310097F28A /* MessageView.swift */ = {isa = PBXFileReference; lastKnownFileType = sourcecode.swift; path = MessageView.swift; sourceTree = "<group>"; };
		4A62DF292CC194C80097F28A /* KletsKatWidgetExtension.appex */ = {isa = PBXFileReference; explicitFileType = "wrapper.app-extension"; includeInIndex = 0; path = KletsKatWidgetExtension.appex; sourceTree = BUILT_PRODUCTS_DIR; };
		4A62DF2B2CC194C80097F28A /* WidgetKit.framework */ = {isa = PBXFileReference; lastKnownFileType = wrapper.framework; name = WidgetKit.framework; path = System/Library/Frameworks/WidgetKit.framework; sourceTree = SDKROOT; };
		4A62DF2D2CC194C80097F28A /* SwiftUI.framework */ = {isa = PBXFileReference; lastKnownFileType = wrapper.framework; name = SwiftUI.framework; path = System/Library/Frameworks/SwiftUI.framework; sourceTree = SDKROOT; };
		4A62DF3F2CC198660097F28A /* KletsKatApp.entitlements */ = {isa = PBXFileReference; lastKnownFileType = text.plist.entitlements; path = KletsKatApp.entitlements; sourceTree = "<group>"; };
		4A76E87D2CA176F400132615 /* UserController.swift */ = {isa = PBXFileReference; lastKnownFileType = sourcecode.swift; path = UserController.swift; sourceTree = "<group>"; };
		4A78560B2CA6AD44004AA26D /* TokenManager.swift */ = {isa = PBXFileReference; lastKnownFileType = sourcecode.swift; path = TokenManager.swift; sourceTree = "<group>"; };
		4A7862472CCC04F9006EA9EE /* BondStatusBarView.swift */ = {isa = PBXFileReference; lastKnownFileType = sourcecode.swift; path = BondStatusBarView.swift; sourceTree = "<group>"; };
		4ABE55342CA084FC00458F2F /* LoginSignupView.swift */ = {isa = PBXFileReference; lastKnownFileType = sourcecode.swift; path = LoginSignupView.swift; sourceTree = "<group>"; };
		4ABE55362CA086CE00458F2F /* KletsKatAppApp.swift */ = {isa = PBXFileReference; lastKnownFileType = sourcecode.swift; path = KletsKatAppApp.swift; sourceTree = "<group>"; };
		4ABE55392CA08F2100458F2F /* RobotoSlab-VariableFont_wght.ttf */ = {isa = PBXFileReference; lastKnownFileType = file; path = "RobotoSlab-VariableFont_wght.ttf"; sourceTree = "<group>"; };
		4AF4C6FA2CAD67AB00A265C6 /* CatController.swift */ = {isa = PBXFileReference; lastKnownFileType = sourcecode.swift; path = CatController.swift; sourceTree = "<group>"; };
		4AF4C6FC2CAD68AD00A265C6 /* CatModel.swift */ = {isa = PBXFileReference; lastKnownFileType = sourcecode.swift; path = CatModel.swift; sourceTree = "<group>"; };
		4AF4C6FE2CAD706D00A265C6 /* Personality.swift */ = {isa = PBXFileReference; lastKnownFileType = sourcecode.swift; path = Personality.swift; sourceTree = "<group>"; };
		4AF4C7002CAD73E800A265C6 /* CatStruct.swift */ = {isa = PBXFileReference; lastKnownFileType = sourcecode.swift; path = CatStruct.swift; sourceTree = "<group>"; };
		4AF4C7022CAEDDAC00A265C6 /* CustomizeCatView.swift */ = {isa = PBXFileReference; lastKnownFileType = sourcecode.swift; path = CustomizeCatView.swift; sourceTree = "<group>"; };
		4AFA290A2CC699470048928D /* KletsKatWidgetExtension.entitlements */ = {isa = PBXFileReference; lastKnownFileType = text.plist.entitlements; path = KletsKatWidgetExtension.entitlements; sourceTree = "<group>"; };
		4AFDFFD02CCFDDC8004CA966 /* TodoController.swift */ = {isa = PBXFileReference; lastKnownFileType = sourcecode.swift; path = TodoController.swift; sourceTree = "<group>"; };
		4AFDFFD22CCFDDE5004CA966 /* TodoItem.swift */ = {isa = PBXFileReference; lastKnownFileType = sourcecode.swift; path = TodoItem.swift; sourceTree = "<group>"; };
		4AFDFFD42CCFE1E9004CA966 /* TodoItemListView.swift */ = {isa = PBXFileReference; lastKnownFileType = sourcecode.swift; path = TodoItemListView.swift; sourceTree = "<group>"; };
		4AFDFFD72CCFEC49004CA966 /* TodoItemView.swift */ = {isa = PBXFileReference; lastKnownFileType = sourcecode.swift; path = TodoItemView.swift; sourceTree = "<group>"; };
/* End PBXFileReference section */

/* Begin PBXFileSystemSynchronizedBuildFileExceptionSet section */
		4A62DF3D2CC194C90097F28A /* PBXFileSystemSynchronizedBuildFileExceptionSet */ = {
			isa = PBXFileSystemSynchronizedBuildFileExceptionSet;
			membershipExceptions = (
				Info.plist,
			);
			target = 4A62DF282CC194C80097F28A /* KletsKatWidgetExtension */;
		};
/* End PBXFileSystemSynchronizedBuildFileExceptionSet section */

/* Begin PBXFileSystemSynchronizedRootGroup section */
		4A62DF2F2CC194C80097F28A /* KletsKatWidget */ = {isa = PBXFileSystemSynchronizedRootGroup; exceptions = (4A62DF3D2CC194C90097F28A /* PBXFileSystemSynchronizedBuildFileExceptionSet */, ); explicitFileTypes = {}; explicitFolders = (); path = KletsKatWidget; sourceTree = "<group>"; };
/* End PBXFileSystemSynchronizedRootGroup section */

/* Begin PBXFrameworksBuildPhase section */
		4A05792A2C9EE3F300CB9C2E /* Frameworks */ = {
			isa = PBXFrameworksBuildPhase;
			buildActionMask = 2147483647;
			files = (
				4A62DEFE2CBFF0290097F28A /* OpenAI in Frameworks */,
			);
			runOnlyForDeploymentPostprocessing = 0;
		};
		4A62DF262CC194C80097F28A /* Frameworks */ = {
			isa = PBXFrameworksBuildPhase;
			buildActionMask = 2147483647;
			files = (
				4A62DF2E2CC194C80097F28A /* SwiftUI.framework in Frameworks */,
				4A62DF2C2CC194C80097F28A /* WidgetKit.framework in Frameworks */,
			);
			runOnlyForDeploymentPostprocessing = 0;
		};
/* End PBXFrameworksBuildPhase section */

/* Begin PBXGroup section */
		4A0579242C9EE3F300CB9C2E = {
			isa = PBXGroup;
			children = (
				4A05792F2C9EE3F300CB9C2E /* KletsKatApp */,
				4A62DF2F2CC194C80097F28A /* KletsKatWidget */,
				4A62DF2A2CC194C80097F28A /* Frameworks */,
				4A05792E2C9EE3F300CB9C2E /* Products */,
				4AFA290A2CC699470048928D /* KletsKatWidgetExtension.entitlements */,
			);
			sourceTree = "<group>";
		};
		4A05792E2C9EE3F300CB9C2E /* Products */ = {
			isa = PBXGroup;
			children = (
				4A05792D2C9EE3F300CB9C2E /* KletsKatApp.app */,
				4A62DF292CC194C80097F28A /* KletsKatWidgetExtension.appex */,
			);
			name = Products;
			sourceTree = "<group>";
		};
		4A05792F2C9EE3F300CB9C2E /* KletsKatApp */ = {
			isa = PBXGroup;
			children = (
				4A62DF3F2CC198660097F28A /* KletsKatApp.entitlements */,
				4ABE55382CA08ECC00458F2F /* Font */,
				4ABE55332CA079FF00458F2F /* Controller */,
				4ABE55312CA079EB00458F2F /* Model */,
				4ABE55302CA079D500458F2F /* View */,
				4A0579322C9EE3F300CB9C2E /* ContentView.swift */,
				4ABE55362CA086CE00458F2F /* KletsKatAppApp.swift */,
				4A62DEFF2CBFF13B0097F28A /* env.swift */,
				4A0579342C9EE3F600CB9C2E /* Assets.xcassets */,
				4A0579362C9EE3F600CB9C2E /* Preview Content */,
			);
			path = KletsKatApp;
			sourceTree = "<group>";
		};
		4A0579362C9EE3F600CB9C2E /* Preview Content */ = {
			isa = PBXGroup;
			children = (
				4A0579372C9EE3F600CB9C2E /* Preview Assets.xcassets */,
			);
			path = "Preview Content";
			sourceTree = "<group>";
		};
		4A62DF2A2CC194C80097F28A /* Frameworks */ = {
			isa = PBXGroup;
			children = (
				4A62DF2B2CC194C80097F28A /* WidgetKit.framework */,
				4A62DF2D2CC194C80097F28A /* SwiftUI.framework */,
			);
			name = Frameworks;
			sourceTree = "<group>";
		};
		4ABE55302CA079D500458F2F /* View */ = {
			isa = PBXGroup;
			children = (
				4AFDFFD72CCFEC49004CA966 /* TodoItemView.swift */,
				4AFDFFD42CCFE1E9004CA966 /* TodoItemListView.swift */,
				4A7862472CCC04F9006EA9EE /* BondStatusBarView.swift */,
				4A62DF032CC00B310097F28A /* MessageView.swift */,
				4A62DF012CC00AD20097F28A /* ChatView.swift */,
				4AF4C7022CAEDDAC00A265C6 /* CustomizeCatView.swift */,
				4A1D53BE2CA835090091CACE /* CatView.swift */,
				4A1D53BC2CA833EF0091CACE /* HomeView.swift */,
				4ABE55342CA084FC00458F2F /* LoginSignupView.swift */,
			);
			path = View;
			sourceTree = "<group>";
		};
		4ABE55312CA079EB00458F2F /* Model */ = {
			isa = PBXGroup;
			children = (
				4AFDFFD22CCFDDE5004CA966 /* TodoItem.swift */,
				4AF4C7002CAD73E800A265C6 /* CatStruct.swift */,
				4AF4C6FE2CAD706D00A265C6 /* Personality.swift */,
				4AF4C6FC2CAD68AD00A265C6 /* CatModel.swift */,
			);
			path = Model;
			sourceTree = "<group>";
		};
		4ABE55332CA079FF00458F2F /* Controller */ = {
			isa = PBXGroup;
			children = (
				4AFDFFD02CCFDDC8004CA966 /* TodoController.swift */,
				4A62DEFA2CBE9EF60097F28A /* ChatController.swift */,
				4AF4C6FA2CAD67AB00A265C6 /* CatController.swift */,
				4A78560B2CA6AD44004AA26D /* TokenManager.swift */,
				4A76E87D2CA176F400132615 /* UserController.swift */,
			);
			path = Controller;
			sourceTree = "<group>";
		};
		4ABE55382CA08ECC00458F2F /* Font */ = {
			isa = PBXGroup;
			children = (
				4ABE55392CA08F2100458F2F /* RobotoSlab-VariableFont_wght.ttf */,
			);
			path = Font;
			sourceTree = "<group>";
		};
/* End PBXGroup section */

/* Begin PBXNativeTarget section */
		4A05792C2C9EE3F300CB9C2E /* KletsKatApp */ = {
			isa = PBXNativeTarget;
			buildConfigurationList = 4A05793B2C9EE3F600CB9C2E /* Build configuration list for PBXNativeTarget "KletsKatApp" */;
			buildPhases = (
				4A0579292C9EE3F300CB9C2E /* Sources */,
				4A05792A2C9EE3F300CB9C2E /* Frameworks */,
				4A05792B2C9EE3F300CB9C2E /* Resources */,
				4A62DF3A2CC194C90097F28A /* Embed Foundation Extensions */,
			);
			buildRules = (
			);
			dependencies = (
				4A62DF382CC194C90097F28A /* PBXTargetDependency */,
			);
			name = KletsKatApp;
			productName = KletsKatApp;
			productReference = 4A05792D2C9EE3F300CB9C2E /* KletsKatApp.app */;
			productType = "com.apple.product-type.application";
		};
		4A62DF282CC194C80097F28A /* KletsKatWidgetExtension */ = {
			isa = PBXNativeTarget;
			buildConfigurationList = 4A62DF3E2CC194C90097F28A /* Build configuration list for PBXNativeTarget "KletsKatWidgetExtension" */;
			buildPhases = (
				4A62DF252CC194C80097F28A /* Sources */,
				4A62DF262CC194C80097F28A /* Frameworks */,
				4A62DF272CC194C80097F28A /* Resources */,
			);
			buildRules = (
			);
			dependencies = (
			);
			fileSystemSynchronizedGroups = (
				4A62DF2F2CC194C80097F28A /* KletsKatWidget */,
			);
			name = KletsKatWidgetExtension;
			packageProductDependencies = (
			);
			productName = KletsKatWidgetExtension;
			productReference = 4A62DF292CC194C80097F28A /* KletsKatWidgetExtension.appex */;
			productType = "com.apple.product-type.app-extension";
		};
/* End PBXNativeTarget section */

/* Begin PBXProject section */
		4A0579252C9EE3F300CB9C2E /* Project object */ = {
			isa = PBXProject;
			attributes = {
				BuildIndependentTargetsInParallel = 1;
				LastSwiftUpdateCheck = 1600;
				LastUpgradeCheck = 1540;
				TargetAttributes = {
					4A05792C2C9EE3F300CB9C2E = {
						CreatedOnToolsVersion = 15.4;
					};
					4A62DF282CC194C80097F28A = {
						CreatedOnToolsVersion = 16.0;
					};
				};
			};
			buildConfigurationList = 4A0579282C9EE3F300CB9C2E /* Build configuration list for PBXProject "KletsKatApp" */;
			compatibilityVersion = "Xcode 14.0";
			developmentRegion = en;
			hasScannedForEncodings = 0;
			knownRegions = (
				en,
				Base,
			);
			mainGroup = 4A0579242C9EE3F300CB9C2E;
			packageReferences = (
				4A62DEFC2CBFF0290097F28A /* XCRemoteSwiftPackageReference "OpenAI" */,
			);
			productRefGroup = 4A05792E2C9EE3F300CB9C2E /* Products */;
			projectDirPath = "";
			projectRoot = "";
			targets = (
				4A05792C2C9EE3F300CB9C2E /* KletsKatApp */,
				4A62DF282CC194C80097F28A /* KletsKatWidgetExtension */,
			);
		};
/* End PBXProject section */

/* Begin PBXResourcesBuildPhase section */
		4A05792B2C9EE3F300CB9C2E /* Resources */ = {
			isa = PBXResourcesBuildPhase;
			buildActionMask = 2147483647;
			files = (
				4A0579382C9EE3F600CB9C2E /* Preview Assets.xcassets in Resources */,
				4ABE553A2CA08F2100458F2F /* RobotoSlab-VariableFont_wght.ttf in Resources */,
				4A0579352C9EE3F600CB9C2E /* Assets.xcassets in Resources */,
			);
			runOnlyForDeploymentPostprocessing = 0;
		};
		4A62DF272CC194C80097F28A /* Resources */ = {
			isa = PBXResourcesBuildPhase;
			buildActionMask = 2147483647;
			files = (
			);
			runOnlyForDeploymentPostprocessing = 0;
		};
/* End PBXResourcesBuildPhase section */

/* Begin PBXSourcesBuildPhase section */
		4A0579292C9EE3F300CB9C2E /* Sources */ = {
			isa = PBXSourcesBuildPhase;
			buildActionMask = 2147483647;
			files = (
				4AF4C7012CAD73EC00A265C6 /* CatStruct.swift in Sources */,
				4AF4C6FD2CAD68B100A265C6 /* CatModel.swift in Sources */,
				4AFDFFD32CCFDDE9004CA966 /* TodoItem.swift in Sources */,
				4ABE55352CA084FC00458F2F /* LoginSignupView.swift in Sources */,
				4A62DF002CBFF1430097F28A /* env.swift in Sources */,
				4AFDFFD82CCFEC56004CA966 /* TodoItemView.swift in Sources */,
				4A0579332C9EE3F300CB9C2E /* ContentView.swift in Sources */,
				4AF4C6FB2CAD67B000A265C6 /* CatController.swift in Sources */,
				4A1D53BF2CA8350D0091CACE /* CatView.swift in Sources */,
				4A62DF022CC00AD70097F28A /* ChatView.swift in Sources */,
				4A78560C2CA6AD4D004AA26D /* TokenManager.swift in Sources */,
				4A62DEFB2CBE9F030097F28A /* ChatController.swift in Sources */,
				4AF4C7032CAEDDBD00A265C6 /* CustomizeCatView.swift in Sources */,
				4AF4C6FF2CAD707700A265C6 /* Personality.swift in Sources */,
				4AFDFFD52CCFE1F0004CA966 /* TodoItemListView.swift in Sources */,
				4A62DF042CC00B350097F28A /* MessageView.swift in Sources */,
				4A1D53BD2CA833F50091CACE /* HomeView.swift in Sources */,
				4A7862482CCC0506006EA9EE /* BondStatusBarView.swift in Sources */,
				4AFDFFD12CCFDDD2004CA966 /* TodoController.swift in Sources */,
				4A76E87E2CA1770800132615 /* UserController.swift in Sources */,
				4ABE55372CA086CE00458F2F /* KletsKatAppApp.swift in Sources */,
			);
			runOnlyForDeploymentPostprocessing = 0;
		};
		4A62DF252CC194C80097F28A /* Sources */ = {
			isa = PBXSourcesBuildPhase;
			buildActionMask = 2147483647;
			files = (
			);
			runOnlyForDeploymentPostprocessing = 0;
		};
/* End PBXSourcesBuildPhase section */

/* Begin PBXTargetDependency section */
		4A62DF382CC194C90097F28A /* PBXTargetDependency */ = {
			isa = PBXTargetDependency;
			target = 4A62DF282CC194C80097F28A /* KletsKatWidgetExtension */;
			targetProxy = 4A62DF372CC194C90097F28A /* PBXContainerItemProxy */;
		};
/* End PBXTargetDependency section */

/* Begin XCBuildConfiguration section */
		4A0579392C9EE3F600CB9C2E /* Debug */ = {
			isa = XCBuildConfiguration;
			buildSettings = {
				ALWAYS_SEARCH_USER_PATHS = NO;
				ASSETCATALOG_COMPILER_GENERATE_SWIFT_ASSET_SYMBOL_EXTENSIONS = YES;
				CLANG_ANALYZER_NONNULL = YES;
				CLANG_ANALYZER_NUMBER_OBJECT_CONVERSION = YES_AGGRESSIVE;
				CLANG_CXX_LANGUAGE_STANDARD = "gnu++20";
				CLANG_ENABLE_MODULES = YES;
				CLANG_ENABLE_OBJC_ARC = YES;
				CLANG_ENABLE_OBJC_WEAK = YES;
				CLANG_WARN_BLOCK_CAPTURE_AUTORELEASING = YES;
				CLANG_WARN_BOOL_CONVERSION = YES;
				CLANG_WARN_COMMA = YES;
				CLANG_WARN_CONSTANT_CONVERSION = YES;
				CLANG_WARN_DEPRECATED_OBJC_IMPLEMENTATIONS = YES;
				CLANG_WARN_DIRECT_OBJC_ISA_USAGE = YES_ERROR;
				CLANG_WARN_DOCUMENTATION_COMMENTS = YES;
				CLANG_WARN_EMPTY_BODY = YES;
				CLANG_WARN_ENUM_CONVERSION = YES;
				CLANG_WARN_INFINITE_RECURSION = YES;
				CLANG_WARN_INT_CONVERSION = YES;
				CLANG_WARN_NON_LITERAL_NULL_CONVERSION = YES;
				CLANG_WARN_OBJC_IMPLICIT_RETAIN_SELF = YES;
				CLANG_WARN_OBJC_LITERAL_CONVERSION = YES;
				CLANG_WARN_OBJC_ROOT_CLASS = YES_ERROR;
				CLANG_WARN_QUOTED_INCLUDE_IN_FRAMEWORK_HEADER = YES;
				CLANG_WARN_RANGE_LOOP_ANALYSIS = YES;
				CLANG_WARN_STRICT_PROTOTYPES = YES;
				CLANG_WARN_SUSPICIOUS_MOVE = YES;
				CLANG_WARN_UNGUARDED_AVAILABILITY = YES_AGGRESSIVE;
				CLANG_WARN_UNREACHABLE_CODE = YES;
				CLANG_WARN__DUPLICATE_METHOD_MATCH = YES;
				COPY_PHASE_STRIP = NO;
				DEBUG_INFORMATION_FORMAT = dwarf;
				ENABLE_STRICT_OBJC_MSGSEND = YES;
				ENABLE_TESTABILITY = YES;
				ENABLE_USER_SCRIPT_SANDBOXING = YES;
				GCC_C_LANGUAGE_STANDARD = gnu17;
				GCC_DYNAMIC_NO_PIC = NO;
				GCC_NO_COMMON_BLOCKS = YES;
				GCC_OPTIMIZATION_LEVEL = 0;
				GCC_PREPROCESSOR_DEFINITIONS = (
					"DEBUG=1",
					"$(inherited)",
				);
				GCC_WARN_64_TO_32_BIT_CONVERSION = YES;
				GCC_WARN_ABOUT_RETURN_TYPE = YES_ERROR;
				GCC_WARN_UNDECLARED_SELECTOR = YES;
				GCC_WARN_UNINITIALIZED_AUTOS = YES_AGGRESSIVE;
				GCC_WARN_UNUSED_FUNCTION = YES;
				GCC_WARN_UNUSED_VARIABLE = YES;
				IPHONEOS_DEPLOYMENT_TARGET = 17.5;
				LOCALIZATION_PREFERS_STRING_CATALOGS = YES;
				MTL_ENABLE_DEBUG_INFO = INCLUDE_SOURCE;
				MTL_FAST_MATH = YES;
				ONLY_ACTIVE_ARCH = YES;
				SDKROOT = iphoneos;
				SWIFT_ACTIVE_COMPILATION_CONDITIONS = "DEBUG $(inherited)";
				SWIFT_OPTIMIZATION_LEVEL = "-Onone";
			};
			name = Debug;
		};
		4A05793A2C9EE3F600CB9C2E /* Release */ = {
			isa = XCBuildConfiguration;
			buildSettings = {
				ALWAYS_SEARCH_USER_PATHS = NO;
				ASSETCATALOG_COMPILER_GENERATE_SWIFT_ASSET_SYMBOL_EXTENSIONS = YES;
				CLANG_ANALYZER_NONNULL = YES;
				CLANG_ANALYZER_NUMBER_OBJECT_CONVERSION = YES_AGGRESSIVE;
				CLANG_CXX_LANGUAGE_STANDARD = "gnu++20";
				CLANG_ENABLE_MODULES = YES;
				CLANG_ENABLE_OBJC_ARC = YES;
				CLANG_ENABLE_OBJC_WEAK = YES;
				CLANG_WARN_BLOCK_CAPTURE_AUTORELEASING = YES;
				CLANG_WARN_BOOL_CONVERSION = YES;
				CLANG_WARN_COMMA = YES;
				CLANG_WARN_CONSTANT_CONVERSION = YES;
				CLANG_WARN_DEPRECATED_OBJC_IMPLEMENTATIONS = YES;
				CLANG_WARN_DIRECT_OBJC_ISA_USAGE = YES_ERROR;
				CLANG_WARN_DOCUMENTATION_COMMENTS = YES;
				CLANG_WARN_EMPTY_BODY = YES;
				CLANG_WARN_ENUM_CONVERSION = YES;
				CLANG_WARN_INFINITE_RECURSION = YES;
				CLANG_WARN_INT_CONVERSION = YES;
				CLANG_WARN_NON_LITERAL_NULL_CONVERSION = YES;
				CLANG_WARN_OBJC_IMPLICIT_RETAIN_SELF = YES;
				CLANG_WARN_OBJC_LITERAL_CONVERSION = YES;
				CLANG_WARN_OBJC_ROOT_CLASS = YES_ERROR;
				CLANG_WARN_QUOTED_INCLUDE_IN_FRAMEWORK_HEADER = YES;
				CLANG_WARN_RANGE_LOOP_ANALYSIS = YES;
				CLANG_WARN_STRICT_PROTOTYPES = YES;
				CLANG_WARN_SUSPICIOUS_MOVE = YES;
				CLANG_WARN_UNGUARDED_AVAILABILITY = YES_AGGRESSIVE;
				CLANG_WARN_UNREACHABLE_CODE = YES;
				CLANG_WARN__DUPLICATE_METHOD_MATCH = YES;
				COPY_PHASE_STRIP = NO;
				DEBUG_INFORMATION_FORMAT = "dwarf-with-dsym";
				ENABLE_NS_ASSERTIONS = NO;
				ENABLE_STRICT_OBJC_MSGSEND = YES;
				ENABLE_USER_SCRIPT_SANDBOXING = YES;
				GCC_C_LANGUAGE_STANDARD = gnu17;
				GCC_NO_COMMON_BLOCKS = YES;
				GCC_WARN_64_TO_32_BIT_CONVERSION = YES;
				GCC_WARN_ABOUT_RETURN_TYPE = YES_ERROR;
				GCC_WARN_UNDECLARED_SELECTOR = YES;
				GCC_WARN_UNINITIALIZED_AUTOS = YES_AGGRESSIVE;
				GCC_WARN_UNUSED_FUNCTION = YES;
				GCC_WARN_UNUSED_VARIABLE = YES;
				IPHONEOS_DEPLOYMENT_TARGET = 17.5;
				LOCALIZATION_PREFERS_STRING_CATALOGS = YES;
				MTL_ENABLE_DEBUG_INFO = NO;
				MTL_FAST_MATH = YES;
				SDKROOT = iphoneos;
				SWIFT_COMPILATION_MODE = wholemodule;
				VALIDATE_PRODUCT = YES;
			};
			name = Release;
		};
		4A05793C2C9EE3F600CB9C2E /* Debug */ = {
			isa = XCBuildConfiguration;
			buildSettings = {
				ASSETCATALOG_COMPILER_APPICON_NAME = AppIcon;
				ASSETCATALOG_COMPILER_GLOBAL_ACCENT_COLOR_NAME = AccentColor;
				CODE_SIGN_ENTITLEMENTS = KletsKatApp/KletsKatApp.entitlements;
				CODE_SIGN_STYLE = Automatic;
				CURRENT_PROJECT_VERSION = 1;
				DEVELOPMENT_ASSET_PATHS = "\"KletsKatApp/Preview Content\"";
				DEVELOPMENT_TEAM = 6RTD4L5Q9M;
				ENABLE_PREVIEWS = YES;
				GENERATE_INFOPLIST_FILE = YES;
				INFOPLIST_KEY_UIApplicationSceneManifest_Generation = YES;
				INFOPLIST_KEY_UIApplicationSupportsIndirectInputEvents = YES;
				INFOPLIST_KEY_UILaunchScreen_Generation = YES;
				INFOPLIST_KEY_UISupportedInterfaceOrientations_iPad = "UIInterfaceOrientationPortrait UIInterfaceOrientationPortraitUpsideDown UIInterfaceOrientationLandscapeLeft UIInterfaceOrientationLandscapeRight";
				INFOPLIST_KEY_UISupportedInterfaceOrientations_iPhone = "UIInterfaceOrientationPortrait UIInterfaceOrientationLandscapeLeft UIInterfaceOrientationLandscapeRight";
				LD_RUNPATH_SEARCH_PATHS = (
					"$(inherited)",
					"@executable_path/Frameworks",
				);
				MARKETING_VERSION = 1.0;
				PRODUCT_BUNDLE_IDENTIFIER = RZwinkels.KletsKatApp;
				PRODUCT_NAME = "$(TARGET_NAME)";
				SWIFT_EMIT_LOC_STRINGS = YES;
				SWIFT_VERSION = 5.0;
				TARGETED_DEVICE_FAMILY = "1,2";
			};
			name = Debug;
		};
		4A05793D2C9EE3F600CB9C2E /* Release */ = {
			isa = XCBuildConfiguration;
			buildSettings = {
				ASSETCATALOG_COMPILER_APPICON_NAME = AppIcon;
				ASSETCATALOG_COMPILER_GLOBAL_ACCENT_COLOR_NAME = AccentColor;
				CODE_SIGN_ENTITLEMENTS = KletsKatApp/KletsKatApp.entitlements;
				CODE_SIGN_STYLE = Automatic;
				CURRENT_PROJECT_VERSION = 1;
				DEVELOPMENT_ASSET_PATHS = "\"KletsKatApp/Preview Content\"";
				DEVELOPMENT_TEAM = 6RTD4L5Q9M;
				ENABLE_PREVIEWS = YES;
				GENERATE_INFOPLIST_FILE = YES;
				INFOPLIST_KEY_UIApplicationSceneManifest_Generation = YES;
				INFOPLIST_KEY_UIApplicationSupportsIndirectInputEvents = YES;
				INFOPLIST_KEY_UILaunchScreen_Generation = YES;
				INFOPLIST_KEY_UISupportedInterfaceOrientations_iPad = "UIInterfaceOrientationPortrait UIInterfaceOrientationPortraitUpsideDown UIInterfaceOrientationLandscapeLeft UIInterfaceOrientationLandscapeRight";
				INFOPLIST_KEY_UISupportedInterfaceOrientations_iPhone = "UIInterfaceOrientationPortrait UIInterfaceOrientationLandscapeLeft UIInterfaceOrientationLandscapeRight";
				LD_RUNPATH_SEARCH_PATHS = (
					"$(inherited)",
					"@executable_path/Frameworks",
				);
				MARKETING_VERSION = 1.0;
				PRODUCT_BUNDLE_IDENTIFIER = RZwinkels.KletsKatApp;
				PRODUCT_NAME = "$(TARGET_NAME)";
				SWIFT_EMIT_LOC_STRINGS = YES;
				SWIFT_VERSION = 5.0;
				TARGETED_DEVICE_FAMILY = "1,2";
			};
			name = Release;
		};
		4A62DF3B2CC194C90097F28A /* Debug */ = {
			isa = XCBuildConfiguration;
			buildSettings = {
				ASSETCATALOG_COMPILER_GLOBAL_ACCENT_COLOR_NAME = AccentColor;
				ASSETCATALOG_COMPILER_WIDGET_BACKGROUND_COLOR_NAME = WidgetBackground;
				CODE_SIGN_ENTITLEMENTS = KletsKatWidgetExtension.entitlements;
				CODE_SIGN_STYLE = Automatic;
				CURRENT_PROJECT_VERSION = 1;
				DEVELOPMENT_TEAM = 6RTD4L5Q9M;
				GENERATE_INFOPLIST_FILE = YES;
				INFOPLIST_FILE = KletsKatWidget/Info.plist;
				INFOPLIST_KEY_CFBundleDisplayName = KletsKatWidget;
				INFOPLIST_KEY_NSHumanReadableCopyright = "";
				IPHONEOS_DEPLOYMENT_TARGET = 18.0;
				LD_RUNPATH_SEARCH_PATHS = (
					"$(inherited)",
					"@executable_path/Frameworks",
					"@executable_path/../../Frameworks",
				);
				MARKETING_VERSION = 1.0;
				PRODUCT_BUNDLE_IDENTIFIER = RZwinkels.KletsKatApp.KletsKatWidget;
				PRODUCT_NAME = "$(TARGET_NAME)";
				SKIP_INSTALL = YES;
				SWIFT_EMIT_LOC_STRINGS = YES;
				SWIFT_VERSION = 5.0;
				TARGETED_DEVICE_FAMILY = "1,2";
			};
			name = Debug;
		};
		4A62DF3C2CC194C90097F28A /* Release */ = {
			isa = XCBuildConfiguration;
			buildSettings = {
				ASSETCATALOG_COMPILER_GLOBAL_ACCENT_COLOR_NAME = AccentColor;
				ASSETCATALOG_COMPILER_WIDGET_BACKGROUND_COLOR_NAME = WidgetBackground;
				CODE_SIGN_ENTITLEMENTS = KletsKatWidgetExtension.entitlements;
				CODE_SIGN_STYLE = Automatic;
				CURRENT_PROJECT_VERSION = 1;
				DEVELOPMENT_TEAM = 6RTD4L5Q9M;
				GENERATE_INFOPLIST_FILE = YES;
				INFOPLIST_FILE = KletsKatWidget/Info.plist;
				INFOPLIST_KEY_CFBundleDisplayName = KletsKatWidget;
				INFOPLIST_KEY_NSHumanReadableCopyright = "";
				IPHONEOS_DEPLOYMENT_TARGET = 18.0;
				LD_RUNPATH_SEARCH_PATHS = (
					"$(inherited)",
					"@executable_path/Frameworks",
					"@executable_path/../../Frameworks",
				);
				MARKETING_VERSION = 1.0;
				PRODUCT_BUNDLE_IDENTIFIER = RZwinkels.KletsKatApp.KletsKatWidget;
				PRODUCT_NAME = "$(TARGET_NAME)";
				SKIP_INSTALL = YES;
				SWIFT_EMIT_LOC_STRINGS = YES;
				SWIFT_VERSION = 5.0;
				TARGETED_DEVICE_FAMILY = "1,2";
			};
			name = Release;
		};
/* End XCBuildConfiguration section */

/* Begin XCConfigurationList section */
		4A0579282C9EE3F300CB9C2E /* Build configuration list for PBXProject "KletsKatApp" */ = {
			isa = XCConfigurationList;
			buildConfigurations = (
				4A0579392C9EE3F600CB9C2E /* Debug */,
				4A05793A2C9EE3F600CB9C2E /* Release */,
			);
			defaultConfigurationIsVisible = 0;
			defaultConfigurationName = Release;
		};
		4A05793B2C9EE3F600CB9C2E /* Build configuration list for PBXNativeTarget "KletsKatApp" */ = {
			isa = XCConfigurationList;
			buildConfigurations = (
				4A05793C2C9EE3F600CB9C2E /* Debug */,
				4A05793D2C9EE3F600CB9C2E /* Release */,
			);
			defaultConfigurationIsVisible = 0;
			defaultConfigurationName = Release;
		};
		4A62DF3E2CC194C90097F28A /* Build configuration list for PBXNativeTarget "KletsKatWidgetExtension" */ = {
			isa = XCConfigurationList;
			buildConfigurations = (
				4A62DF3B2CC194C90097F28A /* Debug */,
				4A62DF3C2CC194C90097F28A /* Release */,
			);
			defaultConfigurationIsVisible = 0;
			defaultConfigurationName = Release;
		};
/* End XCConfigurationList section */

/* Begin XCRemoteSwiftPackageReference section */
		4A62DEFC2CBFF0290097F28A /* XCRemoteSwiftPackageReference "OpenAI" */ = {
			isa = XCRemoteSwiftPackageReference;
			repositoryURL = "git@github.com:MacPaw/OpenAI.git";
			requirement = {
				kind = upToNextMajorVersion;
				minimumVersion = 0.3.0;
			};
		};
/* End XCRemoteSwiftPackageReference section */

/* Begin XCSwiftPackageProductDependency section */
		4A62DEFD2CBFF0290097F28A /* OpenAI */ = {
			isa = XCSwiftPackageProductDependency;
			package = 4A62DEFC2CBFF0290097F28A /* XCRemoteSwiftPackageReference "OpenAI" */;
			productName = OpenAI;
		};
/* End XCSwiftPackageProductDependency section */
	};
	rootObject = 4A0579252C9EE3F300CB9C2E /* Project object */;
}
